
Microsoft Visual Studio Solution File, Format Version 12.00
# Visual Studio 2017
Project("{FAE04EC0-301F-11D3-BF4B-00C04F79EFBC}") = "EmitJsonLog", "EmitJsonLog\EmitJsonLog.csproj", "{3CF97540-2744-4386-A98F-72000EA0DFEE}"
EndProject
Project("{FAE04EC0-301F-11D3-BF4B-00C04F79EFBC}") = "ReceiveLogs", "ReceiveLogs\ReceiveLogs.csproj", "{1260163E-453E-4892-B165-BCEA7BE4E60B}"
EndProject
Project("{2150E333-8FDC-42A3-9474-1A3956D46DE8}") = "Solution Items", "Solution Items", "{B4F05FA7-52D5-4375-BC56-85C5CCC764A7}"
EndProject
Project("{FAE04EC0-301F-11D3-BF4B-00C04F79EFBC}") = "Archive.Api", "Archive.Api\Archive.Api.csproj", "{2571E63C-4B20-46C5-BC23-72EC7C971939}"
EndProject
Project("{FAE04EC0-301F-11D3-BF4B-00C04F79EFBC}") = "Archive.IntegrationTests", "Archive.IntegrationTests\Archive.IntegrationTests.csproj", "{436CB791-E07C-4AB3-9EDB-E69F3A00F1C1}"
EndProject
Project("{FAE04EC0-301F-11D3-BF4B-00C04F79EFBC}") = "Archive.UnitTests", "Archive.UnitTests\Archive.UnitTests.csproj", "{2A24ACFE-A0B1-47BF-8DDC-B0DBA70E26B9}"
EndProject
Global
	GlobalSection(SolutionConfigurationPlatforms) = preSolution
		Debug|Any CPU = Debug|Any CPU
		Release|Any CPU = Release|Any CPU
	EndGlobalSection
	GlobalSection(ProjectConfigurationPlatforms) = postSolution
		{0645BB96-3684-4E3F-9CAF-F9A2E50D9CC4}.Debug|Any CPU.ActiveCfg = Debug|Any CPU
		{0645BB96-3684-4E3F-9CAF-F9A2E50D9CC4}.Debug|Any CPU.Build.0 = Debug|Any CPU
		{0645BB96-3684-4E3F-9CAF-F9A2E50D9CC4}.Release|Any CPU.ActiveCfg = Release|Any CPU
		{0645BB96-3684-4E3F-9CAF-F9A2E50D9CC4}.Release|Any CPU.Build.0 = Release|Any CPU
		{0DC91C39-EECD-416D-8CA6-40700FFD98D2}.Debug|Any CPU.ActiveCfg = Debug|Any CPU
		{0DC91C39-EECD-416D-8CA6-40700FFD98D2}.Debug|Any CPU.Build.0 = Debug|Any CPU
		{0DC91C39-EECD-416D-8CA6-40700FFD98D2}.Release|Any CPU.ActiveCfg = Release|Any CPU
		{0DC91C39-EECD-416D-8CA6-40700FFD98D2}.Release|Any CPU.Build.0 = Release|Any CPU
		{3CF97540-2744-4386-A98F-72000EA0DFEE}.Debug|Any CPU.ActiveCfg = Debug|Any CPU
		{3CF97540-2744-4386-A98F-72000EA0DFEE}.Debug|Any CPU.Build.0 = Debug|Any CPU
		{3CF97540-2744-4386-A98F-72000EA0DFEE}.Release|Any CPU.ActiveCfg = Release|Any CPU
		{3CF97540-2744-4386-A98F-72000EA0DFEE}.Release|Any CPU.Build.0 = Release|Any CPU
		{1260163E-453E-4892-B165-BCEA7BE4E60B}.Debug|Any CPU.ActiveCfg = Debug|Any CPU
		{1260163E-453E-4892-B165-BCEA7BE4E60B}.Debug|Any CPU.Build.0 = Debug|Any CPU
		{1260163E-453E-4892-B165-BCEA7BE4E60B}.Release|Any CPU.ActiveCfg = Release|Any CPU
		{1260163E-453E-4892-B165-BCEA7BE4E60B}.Release|Any CPU.Build.0 = Release|Any CPU
		{2571E63C-4B20-46C5-BC23-72EC7C971939}.Debug|Any CPU.ActiveCfg = Debug|Any CPU
		{2571E63C-4B20-46C5-BC23-72EC7C971939}.Debug|Any CPU.Build.0 = Debug|Any CPU
		{2571E63C-4B20-46C5-BC23-72EC7C971939}.Release|Any CPU.ActiveCfg = Release|Any CPU
		{2571E63C-4B20-46C5-BC23-72EC7C971939}.Release|Any CPU.Build.0 = Release|Any CPU
		{436CB791-E07C-4AB3-9EDB-E69F3A00F1C1}.Debug|Any CPU.ActiveCfg = Debug|Any CPU
		{436CB791-E07C-4AB3-9EDB-E69F3A00F1C1}.Debug|Any CPU.Build.0 = Debug|Any CPU
		{436CB791-E07C-4AB3-9EDB-E69F3A00F1C1}.Release|Any CPU.ActiveCfg = Release|Any CPU
		{436CB791-E07C-4AB3-9EDB-E69F3A00F1C1}.Release|Any CPU.Build.0 = Release|Any CPU
		{2A24ACFE-A0B1-47BF-8DDC-B0DBA70E26B9}.Debug|Any CPU.ActiveCfg = Debug|Any CPU
		{2A24ACFE-A0B1-47BF-8DDC-B0DBA70E26B9}.Debug|Any CPU.Build.0 = Debug|Any CPU
		{2A24ACFE-A0B1-47BF-8DDC-B0DBA70E26B9}.Release|Any CPU.ActiveCfg = Release|Any CPU
		{2A24ACFE-A0B1-47BF-8DDC-B0DBA70E26B9}.Release|Any CPU.Build.0 = Release|Any CPU
	EndGlobalSection
EndGlobal
